
Microsoft Visual Studio Solution File, Format Version 12.00
# Visual Studio 15
VisualStudioVersion = 15.0.33801.198
MinimumVisualStudioVersion = 10.0.40219.1
Project("{9A19103F-16F7-4668-BE54-9A1E7A4F7556}") = "Hyperativa", "Hyperativa\Hyperativa.csproj", "{BA4AFF13-5C65-456A-8195-D0C5F650466B}"
EndProject
Project("{FAE04EC0-301F-11D3-BF4B-00C04F79EFBC}") = "Hyperativa_Interface", "Hyperativa_Int\Hyperativa_Interface.csproj", "{A079A8BC-C61E-4AC3-9997-2E819A726E3B}"
EndProject
Project("{FAE04EC0-301F-11D3-BF4B-00C04F79EFBC}") = "Hyperativa_BancoDados", "Hyperativa_BancoDados\Hyperativa_BancoDados.csproj", "{FEC09B0C-EBF2-4715-B674-FCE7AE2CBF26}"
EndProject
Global
	GlobalSection(SolutionConfigurationPlatforms) = preSolution
		Debug|Any CPU = Debug|Any CPU
		Release|Any CPU = Release|Any CPU
	EndGlobalSection
	GlobalSection(ProjectConfigurationPlatforms) = postSolution
		{BA4AFF13-5C65-456A-8195-D0C5F650466B}.Debug|Any CPU.ActiveCfg = Debug|Any CPU
		{BA4AFF13-5C65-456A-8195-D0C5F650466B}.Debug|Any CPU.Build.0 = Debug|Any CPU
		{BA4AFF13-5C65-456A-8195-D0C5F650466B}.Release|Any CPU.ActiveCfg = Release|Any CPU
		{BA4AFF13-5C65-456A-8195-D0C5F650466B}.Release|Any CPU.Build.0 = Release|Any CPU
		{A079A8BC-C61E-4AC3-9997-2E819A726E3B}.Debug|Any CPU.ActiveCfg = Debug|Any CPU
		{A079A8BC-C61E-4AC3-9997-2E819A726E3B}.Debug|Any CPU.Build.0 = Debug|Any CPU
		{A079A8BC-C61E-4AC3-9997-2E819A726E3B}.Release|Any CPU.ActiveCfg = Release|Any CPU
		{A079A8BC-C61E-4AC3-9997-2E819A726E3B}.Release|Any CPU.Build.0 = Release|Any CPU
		{FEC09B0C-EBF2-4715-B674-FCE7AE2CBF26}.Debug|Any CPU.ActiveCfg = Debug|Any CPU
		{FEC09B0C-EBF2-4715-B674-FCE7AE2CBF26}.Debug|Any CPU.Build.0 = Debug|Any CPU
		{FEC09B0C-EBF2-4715-B674-FCE7AE2CBF26}.Release|Any CPU.ActiveCfg = Release|Any CPU
		{FEC09B0C-EBF2-4715-B674-FCE7AE2CBF26}.Release|Any CPU.Build.0 = Release|Any CPU
	EndGlobalSection
	GlobalSection(SolutionProperties) = preSolution
		HideSolutionNode = FALSE
	EndGlobalSection
	GlobalSection(ExtensibilityGlobals) = postSolution
		SolutionGuid = {043386EE-7C39-4A96-9B11-C7D59B50B236}
	EndGlobalSection
EndGlobal
